Microsoft Visual Studio Solution File, Format Version 12.00
# Visual Studio 2010
Project("{FAE04EC0-301F-11D3-BF4B-00C04F79EFBC}") = "YOP.SDK", "SDK\YOP.SDK.csproj", "{D0C4F97E-5856-435C-8762-1AE7E32B04EC}"
EndProject
Project("{FAE04EC0-301F-11D3-BF4B-00C04F79EFBC}") = "RsaTest", "RsaTest\RsaTest.csproj", "{B896317F-1C2A-4BB2-880F-371999B215BE}"
EndProject
Global
	GlobalSection(SolutionConfigurationPlatforms) = preSolution
		Debug|Any CPU = Debug|Any CPU
		Debug|Mixed Platforms = Debug|Mixed Platforms
		Debug|x86 = Debug|x86
		Release|Any CPU = Release|Any CPU
		Release|Mixed Platforms = Release|Mixed Platforms
		Release|x86 = Release|x86
	EndGlobalSection
	GlobalSection(ProjectConfigurationPlatforms) = postSolution
		{D0C4F97E-5856-435C-8762-1AE7E32B04EC}.Debug|Any CPU.ActiveCfg = Debug|Any CPU
		{D0C4F97E-5856-435C-8762-1AE7E32B04EC}.Debug|Any CPU.Build.0 = Debug|Any CPU
		{D0C4F97E-5856-435C-8762-1AE7E32B04EC}.Debug|Mixed Platforms.ActiveCfg = Debug|Any CPU
		{D0C4F97E-5856-435C-8762-1AE7E32B04EC}.Debug|Mixed Platforms.Build.0 = Debug|Any CPU
		{D0C4F97E-5856-435C-8762-1AE7E32B04EC}.Debug|x86.ActiveCfg = Debug|Any CPU
		{D0C4F97E-5856-435C-8762-1AE7E32B04EC}.Release|Any CPU.ActiveCfg = Release|Any CPU
		{D0C4F97E-5856-435C-8762-1AE7E32B04EC}.Release|Any CPU.Build.0 = Release|Any CPU
		{D0C4F97E-5856-435C-8762-1AE7E32B04EC}.Release|Mixed Platforms.ActiveCfg = Release|Any CPU
		{D0C4F97E-5856-435C-8762-1AE7E32B04EC}.Release|Mixed Platforms.Build.0 = Release|Any CPU
		{D0C4F97E-5856-435C-8762-1AE7E32B04EC}.Release|x86.ActiveCfg = Release|Any CPU
		{B896317F-1C2A-4BB2-880F-371999B215BE}.Debug|Any CPU.ActiveCfg = Debug|Any CPU
		{B896317F-1C2A-4BB2-880F-371999B215BE}.Debug|Any CPU.Build.0 = Debug|Any CPU
		{B896317F-1C2A-4BB2-880F-371999B215BE}.Debug|Mixed Platforms.ActiveCfg = Debug|Any CPU
		{B896317F-1C2A-4BB2-880F-371999B215BE}.Debug|Mixed Platforms.Build.0 = Debug|Any CPU
		{B896317F-1C2A-4BB2-880F-371999B215BE}.Debug|x86.ActiveCfg = Debug|Any CPU
		{B896317F-1C2A-4BB2-880F-371999B215BE}.Release|Any CPU.ActiveCfg = Release|Any CPU
		{B896317F-1C2A-4BB2-880F-371999B215BE}.Release|Any CPU.Build.0 = Release|Any CPU
		{B896317F-1C2A-4BB2-880F-371999B215BE}.Release|Mixed Platforms.ActiveCfg = Release|Any CPU
		{B896317F-1C2A-4BB2-880F-371999B215BE}.Release|Mixed Platforms.Build.0 = Release|Any CPU
		{B896317F-1C2A-4BB2-880F-371999B215BE}.Release|x86.ActiveCfg = Release|Any CPU
	EndGlobalSection
	GlobalSection(SolutionProperties) = preSolution
		HideSolutionNode = FALSE
	EndGlobalSection
EndGlobal
